{
    "_readme": [
        "This file locks the dependencies of your project to a known state",
        "Read more about it at https://getcomposer.org/doc/01-basic-usage.md#installing-dependencies",
        "This file is @generated automatically"
    ],
    "content-hash": "9bc6cdefc1de0cbc74ccd2d223dcbaa4",
    "packages": [
        {
            "name": "psr/container",
            "version": "dev-master",
            "source": {
                "type": "git",
                "url": "https://github.com/php-fig/container.git",
                "reference": "90db7b9ac2a2c5b849fcb69dde58f3ae182c68f5"
            },
            "dist": {
                "type": "zip",
                "url": "https://api.github.com/repos/php-fig/container/zipball/90db7b9ac2a2c5b849fcb69dde58f3ae182c68f5",
                "reference": "90db7b9ac2a2c5b849fcb69dde58f3ae182c68f5",
                "shasum": ""
            },
            "require": {
                "php": ">=7.4.0"
            },
            "default-branch": true,
            "type": "library",
            "extra": {
                "branch-alias": {
                    "dev-master": "2.0.x-dev"
                }
            },
            "autoload": {
                "psr-4": {
                    "Psr\\Container\\": "src/"
                }
            },
            "notification-url": "https://packagist.org/downloads/",
            "license": [
                "MIT"
            ],
            "authors": [
                {
                    "name": "PHP-FIG",
                    "homepage": "https://www.php-fig.org/"
                }
            ],
            "description": "Common Container Interface (PHP FIG PSR-11)",
            "homepage": "https://github.com/php-fig/container",
            "keywords": [
                "PSR-11",
                "container",
                "container-interface",
                "container-interop",
                "psr"
            ],
            "support": {
                "issues": "https://github.com/php-fig/container/issues",
                "source": "https://github.com/php-fig/container/tree/master"
            },
            "time": "2022-07-19T17:36:59+00:00"
        },
        {
            "name": "psr/http-message",
            "version": "dev-master",
            "source": {
                "type": "git",
                "url": "https://github.com/php-fig/http-message.git",
                "reference": "efd67d1dc14a7ef4fc4e518e7dee91c271d524e4"
            },
            "dist": {
                "type": "zip",
                "url": "https://api.github.com/repos/php-fig/http-message/zipball/efd67d1dc14a7ef4fc4e518e7dee91c271d524e4",
                "reference": "efd67d1dc14a7ef4fc4e518e7dee91c271d524e4",
                "shasum": ""
            },
            "require": {
                "php": ">=5.3.0"
            },
            "default-branch": true,
            "type": "library",
            "extra": {
                "branch-alias": {
                    "dev-master": "1.0.x-dev"
                }
            },
            "autoload": {
                "psr-4": {
                    "Psr\\Http\\Message\\": "src/"
                }
            },
            "notification-url": "https://packagist.org/downloads/",
            "license": [
                "MIT"
            ],
            "authors": [
                {
                    "name": "PHP-FIG",
                    "homepage": "http://www.php-fig.org/"
                }
            ],
            "description": "Common interface for HTTP messages",
            "homepage": "https://github.com/php-fig/http-message",
            "keywords": [
                "http",
                "http-message",
                "psr",
                "psr-7",
                "request",
                "response"
            ],
            "support": {
                "source": "https://github.com/php-fig/http-message/tree/master"
            },
            "time": "2019-08-29T13:16:46+00:00"
        },
        {
            "name": "psr/http-server-handler",
            "version": "dev-master",
            "source": {
                "type": "git",
                "url": "https://github.com/php-fig/http-server-handler.git",
                "reference": "cada5cd1c6a9871031e07f26d0f7b08c9de19039"
            },
            "dist": {
                "type": "zip",
                "url": "https://api.github.com/repos/php-fig/http-server-handler/zipball/cada5cd1c6a9871031e07f26d0f7b08c9de19039",
                "reference": "cada5cd1c6a9871031e07f26d0f7b08c9de19039",
                "shasum": ""
            },
            "require": {
                "php": ">=7.0",
                "psr/http-message": "^1.0"
            },
            "default-branch": true,
            "type": "library",
            "extra": {
                "branch-alias": {
                    "dev-master": "1.0.x-dev"
                }
            },
            "autoload": {
                "psr-4": {
                    "Psr\\Http\\Server\\": "src/"
                }
            },
            "notification-url": "https://packagist.org/downloads/",
            "license": [
                "MIT"
            ],
            "authors": [
                {
                    "name": "PHP-FIG",
                    "homepage": "https://www.php-fig.org/"
                }
            ],
            "description": "Common interface for HTTP server-side request handler",
            "keywords": [
                "handler",
                "http",
                "http-interop",
                "psr",
                "psr-15",
                "psr-7",
                "request",
                "response",
                "server"
            ],
            "support": {
                "source": "https://github.com/php-fig/http-server-handler/tree/master"
            },
            "time": "2020-09-17T16:52:43+00:00"
        },
        {
            "name": "socodo/http",
            "version": "dev-main",
            "source": {
                "type": "git",
                "url": "https://github.com/socodo/http.git",
                "reference": "1b65c9ffb9b9a4cc294f2793ccd71e61bd91b1d3"
            },
            "dist": {
                "type": "zip",
                "url": "https://api.github.com/repos/socodo/http/zipball/1b65c9ffb9b9a4cc294f2793ccd71e61bd91b1d3",
                "reference": "1b65c9ffb9b9a4cc294f2793ccd71e61bd91b1d3",
                "shasum": ""
            },
            "require": {
                "php": "^8.1",
                "psr/http-message": "^1.0"
            },
            "default-branch": true,
            "type": "library",
            "autoload": {
                "psr-4": {
                    "Socodo\\Http\\": "src/"
                }
            },
            "notification-url": "https://packagist.org/downloads/",
            "license": [
                "MIT"
            ],
            "authors": [
                {
                    "name": "Qroffle Inc.",
                    "email": "socodo@qroffle.com"
                }
            ],
            "description": "HTTP component for socodo.",
            "support": {
                "issues": "https://github.com/socodo/http/issues",
                "source": "https://github.com/socodo/http/tree/main"
            },
            "time": "2022-11-13T18:26:37+00:00"
        },
        {
            "name": "socodo/injection",
            "version": "dev-main",
            "source": {
                "type": "git",
                "url": "https://github.com/socodo/injection.git",
                "reference": "b7272fa809ea52c091950f922b378db809a94904"
            },
            "dist": {
                "type": "zip",
                "url": "https://api.github.com/repos/socodo/injection/zipball/b7272fa809ea52c091950f922b378db809a94904",
                "reference": "b7272fa809ea52c091950f922b378db809a94904",
                "shasum": ""
            },
            "require": {
                "php": "^8.1",
                "psr/container": "^2.0"
            },
            "require-dev": {
                "codeception/codeception": "^5.0",
                "codeception/module-asserts": "*",
                "codeception/module-phpbrowser": "*"
            },
            "default-branch": true,
            "type": "library",
            "autoload": {
                "psr-4": {
                    "Socodo\\Injection\\": "src/"
                }
            },
            "notification-url": "https://packagist.org/downloads/",
            "license": [
                "MIT"
            ],
            "authors": [
                {
                    "name": "Qroffle Inc.",
                    "email": "socodo@qroffle.com"
                }
            ],
            "description": "Dependency injection component for socodo.",
            "support": {
                "issues": "https://github.com/socodo/injection/issues",
                "source": "https://github.com/socodo/injection/tree/main"
            },
            "time": "2022-11-18T03:10:27+00:00"
        },
        {
            "name": "socodo/router",
            "version": "dev-main",
            "source": {
                "type": "git",
                "url": "https://github.com/socodo/router.git",
                "reference": "c9344fc7d8f83c1822796d35172056d648c4b85d"
            },
            "dist": {
                "type": "zip",
                "url": "https://api.github.com/repos/socodo/router/zipball/c9344fc7d8f83c1822796d35172056d648c4b85d",
                "reference": "c9344fc7d8f83c1822796d35172056d648c4b85d",
                "shasum": ""
            },
            "require": {
                "php": "^8.1",
                "socodo/http": "dev-main"
            },
            "default-branch": true,
            "type": "library",
            "autoload": {
                "psr-4": {
                    "Socodo\\Router\\": "src/"
                }
            },
            "notification-url": "https://packagist.org/downloads/",
            "license": [
                "MIT"
            ],
            "authors": [
                {
                    "name": "Qroffle Inc.",
                    "email": "socodo@qroffle.com"
                }
            ],
            "description": "Router component for socodo.",
            "support": {
                "issues": "https://github.com/socodo/router/issues",
                "source": "https://github.com/socodo/router/tree/main"
            },
            "time": "2022-11-17T20:44:47+00:00"
        }
    ],
    "packages-dev": [],
    "aliases": [],
    "minimum-stability": "dev",
    "stability-flags": {
        "socodo/injection": 20,
        "socodo/http": 20,
        "socodo/router": 20,
        "psr/http-server-handler": 20
    },
    "prefer-stable": false,
    "prefer-lowest": false,
    "platform": {
        "php": "^8.1"
    },
    "platform-dev": [],
    "plugin-api-version": "2.3.0"
}
